# This file is automatically @generated by Poetry and should not be changed by hand.

[[package]]
name = "xtarfile"
version = "0.1.0"
description = "Wrapper around tarfile with support for more compression formats."
category = "main"
optional = false
python-versions = ">=3.4"
files = [
    {file = "xtarfile-0.1.0.tar.gz", hash = "sha256:604c52efa2736944d724184cd0d669909b78400240a09f4a98a17fb9712420da"},
]

[package.extras]
lz4 = ["lz4 (>=2.2.1)"]
zstd = ["zstandard (>=0.10.2)"]

[metadata]
lock-version = "2.0"
python-versions = "^3.7"
content-hash = "e5531262934553f39eb561e086201432fe4b07a3d93f5958447b4db119952d1a"
